
Microsoft Visual Studio Solution File, Format Version 12.00
# Visual Studio Version 16
VisualStudioVersion = 16.0.810.23
MinimumVisualStudioVersion = 10.0.40219.1
Project("{FAE04EC0-301F-11D3-BF4B-00C04F79EFBC}") = "WebApplication", "WebApplication.csproj", "{2AD3ACB9-AE01-4AA2-8B82-A06137109700}"
EndProject
Global
	GlobalSection(SolutionConfigurationPlatforms) = preSolution
		Debug|Any CPU = Debug|Any CPU
		Release|Any CPU = Release|Any CPU
	EndGlobalSection
	GlobalSection(ProjectConfigurationPlatforms) = postSolution
		{2AD3ACB9-AE01-4AA2-8B82-A06137109700}.Debug|Any CPU.ActiveCfg = Debug|Any CPU
		{2AD3ACB9-AE01-4AA2-8B82-A06137109700}.Debug|Any CPU.Build.0 = Debug|Any CPU
		{2AD3ACB9-AE01-4AA2-8B82-A06137109700}.Release|Any CPU.ActiveCfg = Release|Any CPU
		{2AD3ACB9-AE01-4AA2-8B82-A06137109700}.Release|Any CPU.Build.0 = Release|Any CPU
	EndGlobalSection
	GlobalSection(SolutionProperties) = preSolution
		HideSolutionNode = FALSE
	EndGlobalSection
	GlobalSection(ExtensibilityGlobals) = postSolution
		SolutionGuid = {E5DDD138-8358-498B-B9E1-10ED01682A5A}
	EndGlobalSection
EndGlobal
